// !$*UTF8*$!
{
	archiveVersion = 1;
	classes = {
	};
	objectVersion = 46;
	objects = {

/* Begin PBXBuildFile section */
		AD3AA2411E91654900BCABD2 /* AppDelegate.swift in Sources */ = {isa = PBXBuildFile; fileRef = AD3AA2401E91654900BCABD2 /* AppDelegate.swift */; };
		AD3AA2431E91654900BCABD2 /* ViewController.swift in Sources */ = {isa = PBXBuildFile; fileRef = AD3AA2421E91654900BCABD2 /* ViewController.swift */; };
		AD3AA2461E91654900BCABD2 /* Main.storyboard in Resources */ = {isa = PBXBuildFile; fileRef = AD3AA2441E91654900BCABD2 /* Main.storyboard */; };
		AD3AA2481E91654900BCABD2 /* Assets.xcassets in Resources */ = {isa = PBXBuildFile; fileRef = AD3AA2471E91654900BCABD2 /* Assets.xcassets */; };
		AD3AA24B1E91654900BCABD2 /* LaunchScreen.storyboard in Resources */ = {isa = PBXBuildFile; fileRef = AD3AA2491E91654900BCABD2 /* LaunchScreen.storyboard */; };
		AD3AA2541E91656800BCABD2 /* SCNModel.swift in Sources */ = {isa = PBXBuildFile; fileRef = AD3AA2521E91656800BCABD2 /* SCNModel.swift */; };
		AD3AA2551E91656800BCABD2 /* SCNModelView.swift in Sources */ = {isa = PBXBuildFile; fileRef = AD3AA2531E91656800BCABD2 /* SCNModelView.swift */; };
		AD3AA25B1E916B0A00BCABD2 /* helix.dae in Resources */ = {isa = PBXBuildFile; fileRef = AD3AA25A1E916B0A00BCABD2 /* helix.dae */; };
/* End PBXBuildFile section */

/* Begin PBXFileReference section */
		AD3AA23D1E91654900BCABD2 /* SceneKitDemo.app */ = {isa = PBXFileReference; explicitFileType = wrapper.application; includeInIndex = 0; path = SceneKitDemo.app; sourceTree = BUILT_PRODUCTS_DIR; };
		AD3AA2401E91654900BCABD2 /* AppDelegate.swift */ = {isa = PBXFileReference; lastKnownFileType = sourcecode.swift; path = AppDelegate.swift; sourceTree = "<group>"; };
		AD3AA2421E91654900BCABD2 /* ViewController.swift */ = {isa = PBXFileReference; lastKnownFileType = sourcecode.swift; path = ViewController.swift; sourceTree = "<group>"; };
		AD3AA2451E91654900BCABD2 /* Base */ = {isa = PBXFileReference; lastKnownFileType = file.storyboard; name = Base; path = Base.lproj/Main.storyboard; sourceTree = "<group>"; };
		AD3AA2471E91654900BCABD2 /* Assets.xcassets */ = {isa = PBXFileReference; lastKnownFileType = folder.assetcatalog; path = Assets.xcassets; sourceTree = "<group>"; };
		AD3AA24A1E91654900BCABD2 /* Base */ = {isa = PBXFileReference; lastKnownFileType = file.storyboard; name = Base; path = Base.lproj/LaunchScreen.storyboard; sourceTree = "<group>"; };
		AD3AA24C1E91654900BCABD2 /* Info.plist */ = {isa = PBXFileReference; lastKnownFileType = text.plist.xml; path = Info.plist; sourceTree = "<group>"; };
		AD3AA2521E91656800BCABD2 /* SCNModel.swift */ = {isa = PBXFileReference; fileEncoding = 4; lastKnownFileType = sourcecode.swift; path = SCNModel.swift; sourceTree = "<group>"; };
		AD3AA2531E91656800BCABD2 /* SCNModelView.swift */ = {isa = PBXFileReference; fileEncoding = 4; lastKnownFileType = sourcecode.swift; path = SCNModelView.swift; sourceTree = "<group>"; };
		AD3AA25A1E916B0A00BCABD2 /* helix.dae */ = {isa = PBXFileReference; fileEncoding = 4; lastKnownFileType = text.xml.dae; path = helix.dae; sourceTree = "<group>"; };
/* End PBXFileReference section */

/* Begin PBXFrameworksBuildPhase section */
		AD3AA23A1E91654900BCABD2 /* Frameworks */ = {
			isa = PBXFrameworksBuildPhase;
			buildActionMask = 2147483647;
			files = (
			);
			runOnlyForDeploymentPostprocessing = 0;
		};
/* End PBXFrameworksBuildPhase section */

/* Begin PBXGroup section */
		AD3AA2341E91654900BCABD2 = {
			isa = PBXGroup;
			children = (
				AD3AA23F1E91654900BCABD2 /* SceneKitDemo */,
				AD3AA23E1E91654900BCABD2 /* Products */,
			);
			sourceTree = "<group>";
		};
		AD3AA23E1E91654900BCABD2 /* Products */ = {
			isa = PBXGroup;
			children = (
				AD3AA23D1E91654900BCABD2 /* SceneKitDemo.app */,
			);
			name = Products;
			sourceTree = "<group>";
		};
		AD3AA23F1E91654900BCABD2 /* SceneKitDemo */ = {
			isa = PBXGroup;
			children = (
				AD3AA2401E91654900BCABD2 /* AppDelegate.swift */,
				AD3AA2421E91654900BCABD2 /* ViewController.swift */,
				AD3AA2521E91656800BCABD2 /* SCNModel.swift */,
				AD3AA2531E91656800BCABD2 /* SCNModelView.swift */,
				AD3AA25A1E916B0A00BCABD2 /* helix.dae */,
				AD3AA2441E91654900BCABD2 /* Main.storyboard */,
				AD3AA2471E91654900BCABD2 /* Assets.xcassets */,
				AD3AA2491E91654900BCABD2 /* LaunchScreen.storyboard */,
				AD3AA24C1E91654900BCABD2 /* Info.plist */,
			);
			path = SceneKitDemo;
			sourceTree = "<group>";
		};
/* End PBXGroup section */

/* Begin PBXNativeTarget section */
		AD3AA23C1E91654900BCABD2 /* SceneKitDemo */ = {
			isa = PBXNativeTarget;
			buildConfigurationList = AD3AA24F1E91654900BCABD2 /* Build configuration list for PBXNativeTarget "SceneKitDemo" */;
			buildPhases = (
				AD3AA2391E91654900BCABD2 /* Sources */,
				AD3AA23A1E91654900BCABD2 /* Frameworks */,
				AD3AA23B1E91654900BCABD2 /* Resources */,
			);
			buildRules = (
			);
			dependencies = (
			);
			name = SceneKitDemo;
			productName = SceneKitDemo;
			productReference = AD3AA23D1E91654900BCABD2 /* SceneKitDemo.app */;
			productType = "com.apple.product-type.application";
		};
/* End PBXNativeTarget section */

/* Begin PBXProject section */
		AD3AA2351E91654900BCABD2 /* Project object */ = {
			isa = PBXProject;
			attributes = {
				LastSwiftUpdateCheck = 0830;
				LastUpgradeCheck = 0830;
				ORGANIZATIONNAME = "Michael Edenzon";
				TargetAttributes = {
					AD3AA23C1E91654900BCABD2 = {
						CreatedOnToolsVersion = 8.3;
						DevelopmentTeam = 5HPXGDUGWR;
						ProvisioningStyle = Automatic;
					};
				};
			};
			buildConfigurationList = AD3AA2381E91654900BCABD2 /* Build configuration list for PBXProject "SceneKitDemo" */;
			compatibilityVersion = "Xcode 3.2";
			developmentRegion = English;
			hasScannedForEncodings = 0;
			knownRegions = (
				en,
				Base,
			);
			mainGroup = AD3AA2341E91654900BCABD2;
			productRefGroup = AD3AA23E1E91654900BCABD2 /* Products */;
			projectDirPath = "";
			projectRoot = "";
			targets = (
				AD3AA23C1E91654900BCABD2 /* SceneKitDemo */,
			);
		};
/* End PBXProject section */

/* Begin PBXResourcesBuildPhase section */
		AD3AA23B1E91654900BCABD2 /* Resources */ = {
			isa = PBXResourcesBuildPhase;
			buildActionMask = 2147483647;
			files = (
				AD3AA24B1E91654900BCABD2 /* LaunchScreen.storyboard in Resources */,
				AD3AA2481E91654900BCABD2 /* Assets.xcassets in Resources */,
				AD3AA2461E91654900BCABD2 /* Main.storyboard in Resources */,
				AD3AA25B1E916B0A00BCABD2 /* helix.dae in Resources */,
			);
			runOnlyForDeploymentPostprocessing = 0;
		};
/* End PBXResourcesBuildPhase section */

/* Begin PBXSourcesBuildPhase section */
		AD3AA2391E91654900BCABD2 /* Sources */ = {
			isa = PBXSourcesBuildPhase;
			buildActionMask = 2147483647;
			files = (
				AD3AA2541E91656800BCABD2 /* SCNModel.swift in Sources */,
				AD3AA2431E91654900BCABD2 /* ViewController.swift in Sources */,
				AD3AA2551E91656800BCABD2 /* SCNModelView.swift in Sources */,
				AD3AA2411E91654900BCABD2 /* AppDelegate.swift in Sources */,
			);
			runOnlyForDeploymentPostprocessing = 0;
		};
/* End PBXSourcesBuildPhase section */

/* Begin PBXVariantGroup section */
		AD3AA2441E91654900BCABD2 /* Main.storyboard */ = {
			isa = PBXVariantGroup;
			children = (
				AD3AA2451E91654900BCABD2 /* Base */,
			);
			name = Main.storyboard;
			sourceTree = "<group>";
		};
		AD3AA2491E91654900BCABD2 /* LaunchScreen.storyboard */ = {
			isa = PBXVariantGroup;
			children = (
				AD3AA24A1E91654900BCABD2 /* Base */,
			);
			name = LaunchScreen.storyboard;
			sourceTree = "<group>";
		};
/* End PBXVariantGroup section */

/* Begin XCBuildConfiguration section */
		AD3AA24D1E91654900BCABD2 /* Debug */ = {
			isa = XCBuildConfiguration;
			buildSettings = {
				ALWAYS_SEARCH_USER_PATHS = NO;
				CLANG_ANALYZER_NONNULL = YES;
				CLANG_ANALYZER_NUMBER_OBJECT_CONVERSION = YES_AGGRESSIVE;
				CLANG_CXX_LANGUAGE_STANDARD = "gnu++0x";
				CLANG_CXX_LIBRARY = "libc++";
				CLANG_ENABLE_MODULES = YES;
				CLANG_ENABLE_OBJC_ARC = YES;
				CLANG_WARN_BOOL_CONVERSION = YES;
				CLANG_WARN_CONSTANT_CONVERSION = YES;
				CLANG_WARN_DIRECT_OBJC_ISA_USAGE = YES_ERROR;
				CLANG_WARN_DOCUMENTATION_COMMENTS = YES;
				CLANG_WARN_EMPTY_BODY = YES;
				CLANG_WARN_ENUM_CONVERSION = YES;
				CLANG_WARN_INFINITE_RECURSION = YES;
				CLANG_WARN_INT_CONVERSION = YES;
				CLANG_WARN_OBJC_ROOT_CLASS = YES_ERROR;
				CLANG_WARN_SUSPICIOUS_MOVE = YES;
				CLANG_WARN_UNREACHABLE_CODE = YES;
				CLANG_WARN__DUPLICATE_METHOD_MATCH = YES;
				"CODE_SIGN_IDENTITY[sdk=iphoneos*]" = "iPhone Developer";
				COPY_PHASE_STRIP = NO;
				DEBUG_INFORMATION_FORMAT = dwarf;
				ENABLE_STRICT_OBJC_MSGSEND = YES;
				ENABLE_TESTABILITY = YES;
				GCC_C_LANGUAGE_STANDARD = gnu99;
				GCC_DYNAMIC_NO_PIC = NO;
				GCC_NO_COMMON_BLOCKS = YES;
				GCC_OPTIMIZATION_LEVEL = 0;
				GCC_PREPROCESSOR_DEFINITIONS = (
					"DEBUG=1",
					"$(inherited)",
				);
				GCC_WARN_64_TO_32_BIT_CONVERSION = YES;
				GCC_WARN_ABOUT_RETURN_TYPE = YES_ERROR;
				GCC_WARN_UNDECLARED_SELECTOR = YES;
				GCC_WARN_UNINITIALIZED_AUTOS = YES_AGGRESSIVE;
				GCC_WARN_UNUSED_FUNCTION = YES;
				GCC_WARN_UNUSED_VARIABLE = YES;
				IPHONEOS_DEPLOYMENT_TARGET = 10.3;
				MTL_ENABLE_DEBUG_INFO = YES;
				ONLY_ACTIVE_ARCH = YES;
				SDKROOT = iphoneos;
				SWIFT_ACTIVE_COMPILATION_CONDITIONS = DEBUG;
				SWIFT_OPTIMIZATION_LEVEL = "-Onone";
				TARGETED_DEVICE_FAMILY = "1,2";
			};
			name = Debug;
		};
		AD3AA24E1E91654900BCABD2 /* Release */ = {
			isa = XCBuildConfiguration;
			buildSettings = {
				ALWAYS_SEARCH_USER_PATHS = NO;
				CLANG_ANALYZER_NONNULL = YES;
				CLANG_ANALYZER_NUMBER_OBJECT_CONVERSION = YES_AGGRESSIVE;
				CLANG_CXX_LANGUAGE_STANDARD = "gnu++0x";
				CLANG_CXX_LIBRARY = "libc++";
				CLANG_ENABLE_MODULES = YES;
				CLANG_ENABLE_OBJC_ARC = YES;
				CLANG_WARN_BOOL_CONVERSION = YES;
				CLANG_WARN_CONSTANT_CONVERSION = YES;
				CLANG_WARN_DIRECT_OBJC_ISA_USAGE = YES_ERROR;
				CLANG_WARN_DOCUMENTATION_COMMENTS = YES;
				CLANG_WARN_EMPTY_BODY = YES;
				CLANG_WARN_ENUM_CONVERSION = YES;
				CLANG_WARN_INFINITE_RECURSION = YES;
				CLANG_WARN_INT_CONVERSION = YES;
				CLANG_WARN_OBJC_ROOT_CLASS = YES_ERROR;
				CLANG_WARN_SUSPICIOUS_MOVE = YES;
				CLANG_WARN_UNREACHABLE_CODE = YES;
				CLANG_WARN__DUPLICATE_METHOD_MATCH = YES;
				"CODE_SIGN_IDENTITY[sdk=iphoneos*]" = "iPhone Developer";
				COPY_PHASE_STRIP = NO;
				DEBUG_INFORMATION_FORMAT = "dwarf-with-dsym";
				ENABLE_NS_ASSERTIONS = NO;
				ENABLE_STRICT_OBJC_MSGSEND = YES;
				GCC_C_LANGUAGE_STANDARD = gnu99;
				GCC_NO_COMMON_BLOCKS = YES;
				GCC_WARN_64_TO_32_BIT_CONVERSION = YES;
				GCC_WARN_ABOUT_RETURN_TYPE = YES_ERROR;
				GCC_WARN_UNDECLARED_SELECTOR = YES;
				GCC_WARN_UNINITIALIZED_AUTOS = YES_AGGRESSIVE;
				GCC_WARN_UNUSED_FUNCTION = YES;
				GCC_WARN_UNUSED_VARIABLE = YES;
				IPHONEOS_DEPLOYMENT_TARGET = 10.3;
				MTL_ENABLE_DEBUG_INFO = NO;
				SDKROOT = iphoneos;
				SWIFT_OPTIMIZATION_LEVEL = "-Owholemodule";
				TARGETED_DEVICE_FAMILY = "1,2";
				VALIDATE_PRODUCT = YES;
			};
			name = Release;
		};
		AD3AA2501E91654900BCABD2 /* Debug */ = {
			isa = XCBuildConfiguration;
			buildSettings = {
				ASSETCATALOG_COMPILER_APPICON_NAME = AppIcon;
				DEVELOPMENT_TEAM = 5HPXGDUGWR;
				INFOPLIST_FILE = SceneKitDemo/Info.plist;
				LD_RUNPATH_SEARCH_PATHS = "$(inherited) @executable_path/Frameworks";
				PRODUCT_BUNDLE_IDENTIFIER = michaeledenzon.SceneKitDemo;
				PRODUCT_NAME = "$(TARGET_NAME)";
				SWIFT_VERSION = 3.0;
			};
			name = Debug;
		};
		AD3AA2511E91654900BCABD2 /* Release */ = {
			isa = XCBuildConfiguration;
			buildSettings = {
				ASSETCATALOG_COMPILER_APPICON_NAME = AppIcon;
				DEVELOPMENT_TEAM = 5HPXGDUGWR;
				INFOPLIST_FILE = SceneKitDemo/Info.plist;
				LD_RUNPATH_SEARCH_PATHS = "$(inherited) @executable_path/Frameworks";
				PRODUCT_BUNDLE_IDENTIFIER = michaeledenzon.SceneKitDemo;
				PRODUCT_NAME = "$(TARGET_NAME)";
				SWIFT_VERSION = 3.0;
			};
			name = Release;
		};
/* End XCBuildConfiguration section */

/* Begin XCConfigurationList section */
		AD3AA2381E91654900BCABD2 /* Build configuration list for PBXProject "SceneKitDemo" */ = {
			isa = XCConfigurationList;
			buildConfigurations = (
				AD3AA24D1E91654900BCABD2 /* Debug */,
				AD3AA24E1E91654900BCABD2 /* Release */,
			);
			defaultConfigurationIsVisible = 0;
			defaultConfigurationName = Release;
		};
		AD3AA24F1E91654900BCABD2 /* Build configuration list for PBXNativeTarget "SceneKitDemo" */ = {
			isa = XCConfigurationList;
			buildConfigurations = (
				AD3AA2501E91654900BCABD2 /* Debug */,
				AD3AA2511E91654900BCABD2 /* Release */,
			);
			defaultConfigurationIsVisible = 0;
		};
/* End XCConfigurationList section */
	};
	rootObject = AD3AA2351E91654900BCABD2 /* Project object */;
}
